
Microsoft Visual Studio Solution File, Format Version 12.00
# Visual Studio Version 17
VisualStudioVersion = 17.8.34330.188
MinimumVisualStudioVersion = 10.0.40219.1
Project("{9A19103F-16F7-4668-BE54-9A1E7A4F7556}") = "AdvancedFormSubmissions", "AdvancedFormSubmissions\AdvancedFormSubmissions.csproj", "{B88383D2-5C0A-4DE4-A8DE-21D5DAAD4D5E}"
EndProject
Project("{2150E333-8FDC-42A3-9474-1A3956D46DE8}") = "Sandbox", "Sandbox", "{02EA681E-C7D8-13C7-8484-4AC65E1B71E8}"
EndProject
Project("{FAE04EC0-301F-11D3-BF4B-00C04F79EFBC}") = "Sandbox", "sandbox\Sandbox.csproj", "{5EEFF4DA-8AD9-E42C-6F15-4A668E5D6006}"
EndProject
Project("{2150E333-8FDC-42A3-9474-1A3956D46DE8}") = "Solution", "Solution", "{DDB7BF35-0DC5-4A06-B103-C4CA15F41058}"
	ProjectSection(SolutionItems) = preProject
		CHANGELOG.md = CHANGELOG.md
		README.md = README.md
	EndProjectSection
EndProject
Global
	GlobalSection(SolutionConfigurationPlatforms) = preSolution
		Debug|Any CPU = Debug|Any CPU
		Release|Any CPU = Release|Any CPU
	EndGlobalSection
	GlobalSection(ProjectConfigurationPlatforms) = postSolution
		{B88383D2-5C0A-4DE4-A8DE-21D5DAAD4D5E}.Debug|Any CPU.ActiveCfg = Debug|Any CPU
		{B88383D2-5C0A-4DE4-A8DE-21D5DAAD4D5E}.Debug|Any CPU.Build.0 = Debug|Any CPU
		{B88383D2-5C0A-4DE4-A8DE-21D5DAAD4D5E}.Release|Any CPU.ActiveCfg = Release|Any CPU
		{B88383D2-5C0A-4DE4-A8DE-21D5DAAD4D5E}.Release|Any CPU.Build.0 = Release|Any CPU
		{5EEFF4DA-8AD9-E42C-6F15-4A668E5D6006}.Debug|Any CPU.ActiveCfg = Debug|Any CPU
		{5EEFF4DA-8AD9-E42C-6F15-4A668E5D6006}.Debug|Any CPU.Build.0 = Debug|Any CPU
		{5EEFF4DA-8AD9-E42C-6F15-4A668E5D6006}.Release|Any CPU.ActiveCfg = Release|Any CPU
		{5EEFF4DA-8AD9-E42C-6F15-4A668E5D6006}.Release|Any CPU.Build.0 = Release|Any CPU
	EndGlobalSection
	GlobalSection(SolutionProperties) = preSolution
		HideSolutionNode = FALSE
	EndGlobalSection
	GlobalSection(NestedProjects) = preSolution
		{5EEFF4DA-8AD9-E42C-6F15-4A668E5D6006} = {02EA681E-C7D8-13C7-8484-4AC65E1B71E8}
	EndGlobalSection
	GlobalSection(ExtensibilityGlobals) = postSolution
		SolutionGuid = {E725A1E4-40E1-4716-897D-19BECDA1530F}
	EndGlobalSection
EndGlobal
